schema: '2.0'
stages:
  data_ingestion:
    cmd: python3 -m pipeline.data_ingestion
    deps:
    - path: pipeline/data_ingestion.py
      hash: md5
      md5: 6152d20531db226ad101cad0c28635e6
      size: 1179
    - path: pipeline/utils
      hash: md5
      md5: 4e0e17784d93be9cd1834f14bb5bdcc7.dir
      size: 19272
      nfiles: 14
    params:
      params.yaml:
        data_ingestion.test_size: 0.1
    outs:
    - path: data/raw
      hash: md5
      md5: 003853926330244dbe6ea6cdec3630aa.dir
      size: 479272
      nfiles: 2
  data_preprocessing:
    cmd: python3 -m pipeline.data_preprocessing
    deps:
    - path: data/raw
      hash: md5
      md5: 003853926330244dbe6ea6cdec3630aa.dir
      size: 479272
      nfiles: 2
    - path: pipeline/data_preprocessing.py
      hash: md5
      md5: d949e5ce8d066ecb3d5ac07f6f7df9a4
      size: 3495
    - path: pipeline/utils
      hash: md5
      md5: 4e0e17784d93be9cd1834f14bb5bdcc7.dir
      size: 19272
      nfiles: 14
    outs:
    - path: data/interim
      hash: md5
      md5: 7f56cd264ff638c8406a9931e711c9b2.dir
      size: 252890
      nfiles: 2
  feature_engineering:
    cmd: python3 -m pipeline.feature_engineering
    deps:
    - path: data/interim
      hash: md5
      md5: 7f56cd264ff638c8406a9931e711c9b2.dir
      size: 252890
      nfiles: 2
    - path: pipeline/feature_engineering.py
      hash: md5
      md5: 49573d732069ccef459df7a997d8d4d4
      size: 2260
    - path: pipeline/utils
      hash: md5
      md5: 4e0e17784d93be9cd1834f14bb5bdcc7.dir
      size: 19272
      nfiles: 14
    params:
      params.yaml:
        feature_engineering.max_features: 40
    outs:
    - path: data/processed
      hash: md5
      md5: 9d9da56de9855f840f615375073b096d.dir
      size: 940296
      nfiles: 2
  model_building:
    cmd: python3 -m pipeline.model_building
    deps:
    - path: data/processed
      hash: md5
      md5: 9d9da56de9855f840f615375073b096d.dir
      size: 940296
      nfiles: 2
    - path: pipeline/model_building.py
      hash: md5
      md5: 1899d77fd9e688706f3659bb14272126
      size: 2077
    - path: pipeline/utils
      hash: md5
      md5: 4e0e17784d93be9cd1834f14bb5bdcc7.dir
      size: 19272
      nfiles: 14
    params:
      params.yaml:
        model_building.n_estimators: 30
        model_building.random_state: 2
    outs:
    - path: models/model.pkl
      hash: md5
      md5: f30b500fdbe4fd16a8115057291c2f1d
      size: 1145891
  model_evaluation:
    cmd: python3 -m pipeline.model_evaluation
    deps:
    - path: models/model.pkl
      hash: md5
      md5: f30b500fdbe4fd16a8115057291c2f1d
      size: 1145891
    - path: pipeline/model_evaluation.py
      hash: md5
      md5: 7a109cab17921c0523b8e27194792464
      size: 1968
    - path: pipeline/utils
      hash: md5
      md5: 4e0e17784d93be9cd1834f14bb5bdcc7.dir
      size: 19272
      nfiles: 14
    outs:
    - path: reports/metrics.json
      hash: md5
      md5: aef71a830b71597b68cc0c04abc72011
      size: 140
